
Microsoft Visual Studio Solution File, Format Version 12.00
# Visual Studio Version 17
VisualStudioVersion = 17.9.34701.34
MinimumVisualStudioVersion = 10.0.40219.1
Project("{9A19103F-16F7-4668-BE54-9A1E7A4F7556}") = "TASK1", "Task1\TASK1.csproj", "{F160F0B9-33A3-4ACC-A794-A452CB602FA7}"
EndProject
Project("{9A19103F-16F7-4668-BE54-9A1E7A4F7556}") = "TASK2", "TASK2\TASK2.csproj", "{45FA379B-E522-4A71-A414-A26C086249B8}"
EndProject
Project("{9A19103F-16F7-4668-BE54-9A1E7A4F7556}") = "TASK3", "TASK3\TASK3.csproj", "{C012BD6C-D420-4485-9D4F-995BF0B19241}"
EndProject
Project("{FAE04EC0-301F-11D3-BF4B-00C04F79EFBC}") = "TASK4", "TASK4\TASK4.csproj", "{DCB6184E-90BD-4CEC-8029-C2DF34A6F39B}"
EndProject
Project("{FAE04EC0-301F-11D3-BF4B-00C04F79EFBC}") = "TASK5", "TASK5\TASK5.csproj", "{CCA02C3B-E8D3-4161-BB88-252D78427041}"
EndProject
Global
	GlobalSection(SolutionConfigurationPlatforms) = preSolution
		Debug|Any CPU = Debug|Any CPU
		Release|Any CPU = Release|Any CPU
	EndGlobalSection
	GlobalSection(ProjectConfigurationPlatforms) = postSolution
		{F160F0B9-33A3-4ACC-A794-A452CB602FA7}.Debug|Any CPU.ActiveCfg = Debug|Any CPU
		{F160F0B9-33A3-4ACC-A794-A452CB602FA7}.Debug|Any CPU.Build.0 = Debug|Any CPU
		{F160F0B9-33A3-4ACC-A794-A452CB602FA7}.Release|Any CPU.ActiveCfg = Release|Any CPU
		{F160F0B9-33A3-4ACC-A794-A452CB602FA7}.Release|Any CPU.Build.0 = Release|Any CPU
		{45FA379B-E522-4A71-A414-A26C086249B8}.Debug|Any CPU.ActiveCfg = Debug|Any CPU
		{45FA379B-E522-4A71-A414-A26C086249B8}.Debug|Any CPU.Build.0 = Debug|Any CPU
		{45FA379B-E522-4A71-A414-A26C086249B8}.Release|Any CPU.ActiveCfg = Release|Any CPU
		{45FA379B-E522-4A71-A414-A26C086249B8}.Release|Any CPU.Build.0 = Release|Any CPU
		{C012BD6C-D420-4485-9D4F-995BF0B19241}.Debug|Any CPU.ActiveCfg = Debug|Any CPU
		{C012BD6C-D420-4485-9D4F-995BF0B19241}.Debug|Any CPU.Build.0 = Debug|Any CPU
		{C012BD6C-D420-4485-9D4F-995BF0B19241}.Release|Any CPU.ActiveCfg = Release|Any CPU
		{C012BD6C-D420-4485-9D4F-995BF0B19241}.Release|Any CPU.Build.0 = Release|Any CPU
		{DCB6184E-90BD-4CEC-8029-C2DF34A6F39B}.Debug|Any CPU.ActiveCfg = Debug|Any CPU
		{DCB6184E-90BD-4CEC-8029-C2DF34A6F39B}.Debug|Any CPU.Build.0 = Debug|Any CPU
		{DCB6184E-90BD-4CEC-8029-C2DF34A6F39B}.Release|Any CPU.ActiveCfg = Release|Any CPU
		{DCB6184E-90BD-4CEC-8029-C2DF34A6F39B}.Release|Any CPU.Build.0 = Release|Any CPU
		{CCA02C3B-E8D3-4161-BB88-252D78427041}.Debug|Any CPU.ActiveCfg = Debug|Any CPU
		{CCA02C3B-E8D3-4161-BB88-252D78427041}.Debug|Any CPU.Build.0 = Debug|Any CPU
		{CCA02C3B-E8D3-4161-BB88-252D78427041}.Release|Any CPU.ActiveCfg = Release|Any CPU
		{CCA02C3B-E8D3-4161-BB88-252D78427041}.Release|Any CPU.Build.0 = Release|Any CPU
	EndGlobalSection
	GlobalSection(SolutionProperties) = preSolution
		HideSolutionNode = FALSE
	EndGlobalSection
	GlobalSection(ExtensibilityGlobals) = postSolution
		SolutionGuid = {C6B5A868-4893-44B9-A50E-FA305087B2B6}
	EndGlobalSection
EndGlobal
